// !$*UTF8*$!
{
	archiveVersion = 1;
	classes = {
	};
	objectVersion = 46;
	objects = {

/* Begin PBXBuildFile section */
		67C157851DE6A94B00544682 /* main.m in Sources */ = {isa = PBXBuildFile; fileRef = 67C157841DE6A94B00544682 /* main.m */; };
		67C157881DE6A94B00544682 /* AppDelegate.m in Sources */ = {isa = PBXBuildFile; fileRef = 67C157871DE6A94B00544682 /* AppDelegate.m */; };
		67C1578B1DE6A94B00544682 /* ViewController.m in Sources */ = {isa = PBXBuildFile; fileRef = 67C1578A1DE6A94B00544682 /* ViewController.m */; };
		67C1578E1DE6A94B00544682 /* Main.storyboard in Resources */ = {isa = PBXBuildFile; fileRef = 67C1578C1DE6A94B00544682 /* Main.storyboard */; };
		67C157901DE6A94B00544682 /* Assets.xcassets in Resources */ = {isa = PBXBuildFile; fileRef = 67C1578F1DE6A94B00544682 /* Assets.xcassets */; };
		67C157931DE6A94B00544682 /* LaunchScreen.storyboard in Resources */ = {isa = PBXBuildFile; fileRef = 67C157911DE6A94B00544682 /* LaunchScreen.storyboard */; };
		67C1579E1DE6A94B00544682 /* WeatherReport5Tests.m in Sources */ = {isa = PBXBuildFile; fileRef = 67C1579D1DE6A94B00544682 /* WeatherReport5Tests.m */; };
		67C157A91DE6A94B00544682 /* WeatherReport5UITests.m in Sources */ = {isa = PBXBuildFile; fileRef = 67C157A81DE6A94B00544682 /* WeatherReport5UITests.m */; };
/* End PBXBuildFile section */

/* Begin PBXContainerItemProxy section */
		67C1579A1DE6A94B00544682 /* PBXContainerItemProxy */ = {
			isa = PBXContainerItemProxy;
			containerPortal = 67C157781DE6A94B00544682 /* Project object */;
			proxyType = 1;
			remoteGlobalIDString = 67C1577F1DE6A94B00544682;
			remoteInfo = WeatherReport5;
		};
		67C157A51DE6A94B00544682 /* PBXContainerItemProxy */ = {
			isa = PBXContainerItemProxy;
			containerPortal = 67C157781DE6A94B00544682 /* Project object */;
			proxyType = 1;
			remoteGlobalIDString = 67C1577F1DE6A94B00544682;
			remoteInfo = WeatherReport5;
		};
/* End PBXContainerItemProxy section */

/* Begin PBXFileReference section */
		67C157801DE6A94B00544682 /* WeatherReport5.app */ = {isa = PBXFileReference; explicitFileType = wrapper.application; includeInIndex = 0; path = WeatherReport5.app; sourceTree = BUILT_PRODUCTS_DIR; };
		67C157841DE6A94B00544682 /* main.m */ = {isa = PBXFileReference; lastKnownFileType = sourcecode.c.objc; path = main.m; sourceTree = "<group>"; };
		67C157861DE6A94B00544682 /* AppDelegate.h */ = {isa = PBXFileReference; lastKnownFileType = sourcecode.c.h; path = AppDelegate.h; sourceTree = "<group>"; };
		67C157871DE6A94B00544682 /* AppDelegate.m */ = {isa = PBXFileReference; lastKnownFileType = sourcecode.c.objc; path = AppDelegate.m; sourceTree = "<group>"; };
		67C157891DE6A94B00544682 /* ViewController.h */ = {isa = PBXFileReference; lastKnownFileType = sourcecode.c.h; path = ViewController.h; sourceTree = "<group>"; };
		67C1578A1DE6A94B00544682 /* ViewController.m */ = {isa = PBXFileReference; lastKnownFileType = sourcecode.c.objc; path = ViewController.m; sourceTree = "<group>"; };
		67C1578D1DE6A94B00544682 /* Base */ = {isa = PBXFileReference; lastKnownFileType = file.storyboard; name = Base; path = Base.lproj/Main.storyboard; sourceTree = "<group>"; };
		67C1578F1DE6A94B00544682 /* Assets.xcassets */ = {isa = PBXFileReference; lastKnownFileType = folder.assetcatalog; path = Assets.xcassets; sourceTree = "<group>"; };
		67C157921DE6A94B00544682 /* Base */ = {isa = PBXFileReference; lastKnownFileType = file.storyboard; name = Base; path = Base.lproj/LaunchScreen.storyboard; sourceTree = "<group>"; };
		67C157941DE6A94B00544682 /* Info.plist */ = {isa = PBXFileReference; lastKnownFileType = text.plist.xml; path = Info.plist; sourceTree = "<group>"; };
		67C157991DE6A94B00544682 /* WeatherReport5Tests.xctest */ = {isa = PBXFileReference; explicitFileType = wrapper.cfbundle; includeInIndex = 0; path = WeatherReport5Tests.xctest; sourceTree = BUILT_PRODUCTS_DIR; };
		67C1579D1DE6A94B00544682 /* WeatherReport5Tests.m */ = {isa = PBXFileReference; lastKnownFileType = sourcecode.c.objc; path = WeatherReport5Tests.m; sourceTree = "<group>"; };
		67C1579F1DE6A94B00544682 /* Info.plist */ = {isa = PBXFileReference; lastKnownFileType = text.plist.xml; path = Info.plist; sourceTree = "<group>"; };
		67C157A41DE6A94B00544682 /* WeatherReport5UITests.xctest */ = {isa = PBXFileReference; explicitFileType = wrapper.cfbundle; includeInIndex = 0; path = WeatherReport5UITests.xctest; sourceTree = BUILT_PRODUCTS_DIR; };
		67C157A81DE6A94B00544682 /* WeatherReport5UITests.m */ = {isa = PBXFileReference; lastKnownFileType = sourcecode.c.objc; path = WeatherReport5UITests.m; sourceTree = "<group>"; };
		67C157AA1DE6A94B00544682 /* Info.plist */ = {isa = PBXFileReference; lastKnownFileType = text.plist.xml; path = Info.plist; sourceTree = "<group>"; };
/* End PBXFileReference section */

/* Begin PBXFrameworksBuildPhase section */
		67C1577D1DE6A94B00544682 /* Frameworks */ = {
			isa = PBXFrameworksBuildPhase;
			buildActionMask = 2147483647;
			files = (
			);
			runOnlyForDeploymentPostprocessing = 0;
		};
		67C157961DE6A94B00544682 /* Frameworks */ = {
			isa = PBXFrameworksBuildPhase;
			buildActionMask = 2147483647;
			files = (
			);
			runOnlyForDeploymentPostprocessing = 0;
		};
		67C157A11DE6A94B00544682 /* Frameworks */ = {
			isa = PBXFrameworksBuildPhase;
			buildActionMask = 2147483647;
			files = (
			);
			runOnlyForDeploymentPostprocessing = 0;
		};
/* End PBXFrameworksBuildPhase section */

/* Begin PBXGroup section */
		67C157771DE6A94B00544682 = {
			isa = PBXGroup;
			children = (
				67C157821DE6A94B00544682 /* WeatherReport5 */,
				67C1579C1DE6A94B00544682 /* WeatherReport5Tests */,
				67C157A71DE6A94B00544682 /* WeatherReport5UITests */,
				67C157811DE6A94B00544682 /* Products */,
			);
			sourceTree = "<group>";
		};
		67C157811DE6A94B00544682 /* Products */ = {
			isa = PBXGroup;
			children = (
				67C157801DE6A94B00544682 /* WeatherReport5.app */,
				67C157991DE6A94B00544682 /* WeatherReport5Tests.xctest */,
				67C157A41DE6A94B00544682 /* WeatherReport5UITests.xctest */,
			);
			name = Products;
			sourceTree = "<group>";
		};
		67C157821DE6A94B00544682 /* WeatherReport5 */ = {
			isa = PBXGroup;
			children = (
				67C157861DE6A94B00544682 /* AppDelegate.h */,
				67C157871DE6A94B00544682 /* AppDelegate.m */,
				67C157891DE6A94B00544682 /* ViewController.h */,
				67C1578A1DE6A94B00544682 /* ViewController.m */,
				67C1578C1DE6A94B00544682 /* Main.storyboard */,
				67C1578F1DE6A94B00544682 /* Assets.xcassets */,
				67C157911DE6A94B00544682 /* LaunchScreen.storyboard */,
				67C157941DE6A94B00544682 /* Info.plist */,
				67C157831DE6A94B00544682 /* Supporting Files */,
			);
			path = WeatherReport5;
			sourceTree = "<group>";
		};
		67C157831DE6A94B00544682 /* Supporting Files */ = {
			isa = PBXGroup;
			children = (
				67C157841DE6A94B00544682 /* main.m */,
			);
			name = "Supporting Files";
			sourceTree = "<group>";
		};
		67C1579C1DE6A94B00544682 /* WeatherReport5Tests */ = {
			isa = PBXGroup;
			children = (
				67C1579D1DE6A94B00544682 /* WeatherReport5Tests.m */,
				67C1579F1DE6A94B00544682 /* Info.plist */,
			);
			path = WeatherReport5Tests;
			sourceTree = "<group>";
		};
		67C157A71DE6A94B00544682 /* WeatherReport5UITests */ = {
			isa = PBXGroup;
			children = (
				67C157A81DE6A94B00544682 /* WeatherReport5UITests.m */,
				67C157AA1DE6A94B00544682 /* Info.plist */,
			);
			path = WeatherReport5UITests;
			sourceTree = "<group>";
		};
/* End PBXGroup section */

/* Begin PBXNativeTarget section */
		67C1577F1DE6A94B00544682 /* WeatherReport5 */ = {
			isa = PBXNativeTarget;
			buildConfigurationList = 67C157AD1DE6A94B00544682 /* Build configuration list for PBXNativeTarget "WeatherReport5" */;
			buildPhases = (
				67C1577C1DE6A94B00544682 /* Sources */,
				67C1577D1DE6A94B00544682 /* Frameworks */,
				67C1577E1DE6A94B00544682 /* Resources */,
			);
			buildRules = (
			);
			dependencies = (
			);
			name = WeatherReport5;
			productName = WeatherReport5;
			productReference = 67C157801DE6A94B00544682 /* WeatherReport5.app */;
			productType = "com.apple.product-type.application";
		};
		67C157981DE6A94B00544682 /* WeatherReport5Tests */ = {
			isa = PBXNativeTarget;
			buildConfigurationList = 67C157B01DE6A94B00544682 /* Build configuration list for PBXNativeTarget "WeatherReport5Tests" */;
			buildPhases = (
				67C157951DE6A94B00544682 /* Sources */,
				67C157961DE6A94B00544682 /* Frameworks */,
				67C157971DE6A94B00544682 /* Resources */,
			);
			buildRules = (
			);
			dependencies = (
				67C1579B1DE6A94B00544682 /* PBXTargetDependency */,
			);
			name = WeatherReport5Tests;
			productName = WeatherReport5Tests;
			productReference = 67C157991DE6A94B00544682 /* WeatherReport5Tests.xctest */;
			productType = "com.apple.product-type.bundle.unit-test";
		};
		67C157A31DE6A94B00544682 /* WeatherReport5UITests */ = {
			isa = PBXNativeTarget;
			buildConfigurationList = 67C157B31DE6A94B00544682 /* Build configuration list for PBXNativeTarget "WeatherReport5UITests" */;
			buildPhases = (
				67C157A01DE6A94B00544682 /* Sources */,
				67C157A11DE6A94B00544682 /* Frameworks */,
				67C157A21DE6A94B00544682 /* Resources */,
			);
			buildRules = (
			);
			dependencies = (
				67C157A61DE6A94B00544682 /* PBXTargetDependency */,
			);
			name = WeatherReport5UITests;
			productName = WeatherReport5UITests;
			productReference = 67C157A41DE6A94B00544682 /* WeatherReport5UITests.xctest */;
			productType = "com.apple.product-type.bundle.ui-testing";
		};
/* End PBXNativeTarget section */

/* Begin PBXProject section */
		67C157781DE6A94B00544682 /* Project object */ = {
			isa = PBXProject;
			attributes = {
				LastUpgradeCheck = 0810;
				ORGANIZATIONNAME = zzddn;
				TargetAttributes = {
					67C1577F1DE6A94B00544682 = {
						CreatedOnToolsVersion = 8.1;
						ProvisioningStyle = Automatic;
					};
					67C157981DE6A94B00544682 = {
						CreatedOnToolsVersion = 8.1;
						ProvisioningStyle = Automatic;
						TestTargetID = 67C1577F1DE6A94B00544682;
					};
					67C157A31DE6A94B00544682 = {
						CreatedOnToolsVersion = 8.1;
						ProvisioningStyle = Automatic;
						TestTargetID = 67C1577F1DE6A94B00544682;
					};
				};
			};
			buildConfigurationList = 67C1577B1DE6A94B00544682 /* Build configuration list for PBXProject "WeatherReport5" */;
			compatibilityVersion = "Xcode 3.2";
			developmentRegion = English;
			hasScannedForEncodings = 0;
			knownRegions = (
				en,
				Base,
			);
			mainGroup = 67C157771DE6A94B00544682;
			productRefGroup = 67C157811DE6A94B00544682 /* Products */;
			projectDirPath = "";
			projectRoot = "";
			targets = (
				67C1577F1DE6A94B00544682 /* WeatherReport5 */,
				67C157981DE6A94B00544682 /* WeatherReport5Tests */,
				67C157A31DE6A94B00544682 /* WeatherReport5UITests */,
			);
		};
/* End PBXProject section */

/* Begin PBXResourcesBuildPhase section */
		67C1577E1DE6A94B00544682 /* Resources */ = {
			isa = PBXResourcesBuildPhase;
			buildActionMask = 2147483647;
			files = (
				67C157931DE6A94B00544682 /* LaunchScreen.storyboard in Resources */,
				67C157901DE6A94B00544682 /* Assets.xcassets in Resources */,
				67C1578E1DE6A94B00544682 /* Main.storyboard in Resources */,
			);
			runOnlyForDeploymentPostprocessing = 0;
		};
		67C157971DE6A94B00544682 /* Resources */ = {
			isa = PBXResourcesBuildPhase;
			buildActionMask = 2147483647;
			files = (
			);
			runOnlyForDeploymentPostprocessing = 0;
		};
		67C157A21DE6A94B00544682 /* Resources */ = {
			isa = PBXResourcesBuildPhase;
			buildActionMask = 2147483647;
			files = (
			);
			runOnlyForDeploymentPostprocessing = 0;
		};
/* End PBXResourcesBuildPhase section */

/* Begin PBXSourcesBuildPhase section */
		67C1577C1DE6A94B00544682 /* Sources */ = {
			isa = PBXSourcesBuildPhase;
			buildActionMask = 2147483647;
			files = (
				67C1578B1DE6A94B00544682 /* ViewController.m in Sources */,
				67C157881DE6A94B00544682 /* AppDelegate.m in Sources */,
				67C157851DE6A94B00544682 /* main.m in Sources */,
			);
			runOnlyForDeploymentPostprocessing = 0;
		};
		67C157951DE6A94B00544682 /* Sources */ = {
			isa = PBXSourcesBuildPhase;
			buildActionMask = 2147483647;
			files = (
				67C1579E1DE6A94B00544682 /* WeatherReport5Tests.m in Sources */,
			);
			runOnlyForDeploymentPostprocessing = 0;
		};
		67C157A01DE6A94B00544682 /* Sources */ = {
			isa = PBXSourcesBuildPhase;
			buildActionMask = 2147483647;
			files = (
				67C157A91DE6A94B00544682 /* WeatherReport5UITests.m in Sources */,
			);
			runOnlyForDeploymentPostprocessing = 0;
		};
/* End PBXSourcesBuildPhase section */

/* Begin PBXTargetDependency section */
		67C1579B1DE6A94B00544682 /* PBXTargetDependency */ = {
			isa = PBXTargetDependency;
			target = 67C1577F1DE6A94B00544682 /* WeatherReport5 */;
			targetProxy = 67C1579A1DE6A94B00544682 /* PBXContainerItemProxy */;
		};
		67C157A61DE6A94B00544682 /* PBXTargetDependency */ = {
			isa = PBXTargetDependency;
			target = 67C1577F1DE6A94B00544682 /* WeatherReport5 */;
			targetProxy = 67C157A51DE6A94B00544682 /* PBXContainerItemProxy */;
		};
/* End PBXTargetDependency section */

/* Begin PBXVariantGroup section */
		67C1578C1DE6A94B00544682 /* Main.storyboard */ = {
			isa = PBXVariantGroup;
			children = (
				67C1578D1DE6A94B00544682 /* Base */,
			);
			name = Main.storyboard;
			sourceTree = "<group>";
		};
		67C157911DE6A94B00544682 /* LaunchScreen.storyboard */ = {
			isa = PBXVariantGroup;
			children = (
				67C157921DE6A94B00544682 /* Base */,
			);
			name = LaunchScreen.storyboard;
			sourceTree = "<group>";
		};
/* End PBXVariantGroup section */

/* Begin XCBuildConfiguration section */
		67C157AB1DE6A94B00544682 /* Debug */ = {
			isa = XCBuildConfiguration;
			buildSettings = {
				ALWAYS_SEARCH_USER_PATHS = NO;
				CLANG_ANALYZER_NONNULL = YES;
				CLANG_CXX_LANGUAGE_STANDARD = "gnu++0x";
				CLANG_CXX_LIBRARY = "libc++";
				CLANG_ENABLE_MODULES = YES;
				CLANG_ENABLE_OBJC_ARC = YES;
				CLANG_WARN_BOOL_CONVERSION = YES;
				CLANG_WARN_CONSTANT_CONVERSION = YES;
				CLANG_WARN_DIRECT_OBJC_ISA_USAGE = YES_ERROR;
				CLANG_WARN_DOCUMENTATION_COMMENTS = YES;
				CLANG_WARN_EMPTY_BODY = YES;
				CLANG_WARN_ENUM_CONVERSION = YES;
				CLANG_WARN_INFINITE_RECURSION = YES;
				CLANG_WARN_INT_CONVERSION = YES;
				CLANG_WARN_OBJC_ROOT_CLASS = YES_ERROR;
				CLANG_WARN_SUSPICIOUS_MOVES = YES;
				CLANG_WARN_UNREACHABLE_CODE = YES;
				CLANG_WARN__DUPLICATE_METHOD_MATCH = YES;
				"CODE_SIGN_IDENTITY[sdk=iphoneos*]" = "iPhone Developer";
				COPY_PHASE_STRIP = NO;
				DEBUG_INFORMATION_FORMAT = dwarf;
				ENABLE_STRICT_OBJC_MSGSEND = YES;
				ENABLE_TESTABILITY = YES;
				GCC_C_LANGUAGE_STANDARD = gnu99;
				GCC_DYNAMIC_NO_PIC = NO;
				GCC_NO_COMMON_BLOCKS = YES;
				GCC_OPTIMIZATION_LEVEL = 0;
				GCC_PREPROCESSOR_DEFINITIONS = (
					"DEBUG=1",
					"$(inherited)",
				);
				GCC_WARN_64_TO_32_BIT_CONVERSION = YES;
				GCC_WARN_ABOUT_RETURN_TYPE = YES_ERROR;
				GCC_WARN_UNDECLARED_SELECTOR = YES;
				GCC_WARN_UNINITIALIZED_AUTOS = YES_AGGRESSIVE;
				GCC_WARN_UNUSED_FUNCTION = YES;
				GCC_WARN_UNUSED_VARIABLE = YES;
				IPHONEOS_DEPLOYMENT_TARGET = 10.1;
				MTL_ENABLE_DEBUG_INFO = YES;
				ONLY_ACTIVE_ARCH = YES;
				SDKROOT = iphoneos;
				TARGETED_DEVICE_FAMILY = "1,2";
			};
			name = Debug;
		};
		67C157AC1DE6A94B00544682 /* Release */ = {
			isa = XCBuildConfiguration;
			buildSettings = {
				ALWAYS_SEARCH_USER_PATHS = NO;
				CLANG_ANALYZER_NONNULL = YES;
				CLANG_CXX_LANGUAGE_STANDARD = "gnu++0x";
				CLANG_CXX_LIBRARY = "libc++";
				CLANG_ENABLE_MODULES = YES;
				CLANG_ENABLE_OBJC_ARC = YES;
				CLANG_WARN_BOOL_CONVERSION = YES;
				CLANG_WARN_CONSTANT_CONVERSION = YES;
				CLANG_WARN_DIRECT_OBJC_ISA_USAGE = YES_ERROR;
				CLANG_WARN_DOCUMENTATION_COMMENTS = YES;
				CLANG_WARN_EMPTY_BODY = YES;
				CLANG_WARN_ENUM_CONVERSION = YES;
				CLANG_WARN_INFINITE_RECURSION = YES;
				CLANG_WARN_INT_CONVERSION = YES;
				CLANG_WARN_OBJC_ROOT_CLASS = YES_ERROR;
				CLANG_WARN_SUSPICIOUS_MOVES = YES;
				CLANG_WARN_UNREACHABLE_CODE = YES;
				CLANG_WARN__DUPLICATE_METHOD_MATCH = YES;
				"CODE_SIGN_IDENTITY[sdk=iphoneos*]" = "iPhone Developer";
				COPY_PHASE_STRIP = NO;
				DEBUG_INFORMATION_FORMAT = "dwarf-with-dsym";
				ENABLE_NS_ASSERTIONS = NO;
				ENABLE_STRICT_OBJC_MSGSEND = YES;
				GCC_C_LANGUAGE_STANDARD = gnu99;
				GCC_NO_COMMON_BLOCKS = YES;
				GCC_WARN_64_TO_32_BIT_CONVERSION = YES;
				GCC_WARN_ABOUT_RETURN_TYPE = YES_ERROR;
				GCC_WARN_UNDECLARED_SELECTOR = YES;
				GCC_WARN_UNINITIALIZED_AUTOS = YES_AGGRESSIVE;
				GCC_WARN_UNUSED_FUNCTION = YES;
				GCC_WARN_UNUSED_VARIABLE = YES;
				IPHONEOS_DEPLOYMENT_TARGET = 10.1;
				MTL_ENABLE_DEBUG_INFO = NO;
				SDKROOT = iphoneos;
				TARGETED_DEVICE_FAMILY = "1,2";
				VALIDATE_PRODUCT = YES;
			};
			name = Release;
		};
		67C157AE1DE6A94B00544682 /* Debug */ = {
			isa = XCBuildConfiguration;
			buildSettings = {
				ASSETCATALOG_COMPILER_APPICON_NAME = AppIcon;
				INFOPLIST_FILE = WeatherReport5/Info.plist;
				LD_RUNPATH_SEARCH_PATHS = "$(inherited) @executable_path/Frameworks";
				PRODUCT_BUNDLE_IDENTIFIER = zk.WeatherReport5;
				PRODUCT_NAME = "$(TARGET_NAME)";
			};
			name = Debug;
		};
		67C157AF1DE6A94B00544682 /* Release */ = {
			isa = XCBuildConfiguration;
			buildSettings = {
				ASSETCATALOG_COMPILER_APPICON_NAME = AppIcon;
				INFOPLIST_FILE = WeatherReport5/Info.plist;
				LD_RUNPATH_SEARCH_PATHS = "$(inherited) @executable_path/Frameworks";
				PRODUCT_BUNDLE_IDENTIFIER = zk.WeatherReport5;
				PRODUCT_NAME = "$(TARGET_NAME)";
			};
			name = Release;
		};
		67C157B11DE6A94B00544682 /* Debug */ = {
			isa = XCBuildConfiguration;
			buildSettings = {
				BUNDLE_LOADER = "$(TEST_HOST)";
				INFOPLIST_FILE = WeatherReport5Tests/Info.plist;
				LD_RUNPATH_SEARCH_PATHS = "$(inherited) @executable_path/Frameworks @loader_path/Frameworks";
				PRODUCT_BUNDLE_IDENTIFIER = zk.WeatherReport5Tests;
				PRODUCT_NAME = "$(TARGET_NAME)";
				TEST_HOST = "$(BUILT_PRODUCTS_DIR)/WeatherReport5.app/WeatherReport5";
			};
			name = Debug;
		};
		67C157B21DE6A94B00544682 /* Release */ = {
			isa = XCBuildConfiguration;
			buildSettings = {
				BUNDLE_LOADER = "$(TEST_HOST)";
				INFOPLIST_FILE = WeatherReport5Tests/Info.plist;
				LD_RUNPATH_SEARCH_PATHS = "$(inherited) @executable_path/Frameworks @loader_path/Frameworks";
				PRODUCT_BUNDLE_IDENTIFIER = zk.WeatherReport5Tests;
				PRODUCT_NAME = "$(TARGET_NAME)";
				TEST_HOST = "$(BUILT_PRODUCTS_DIR)/WeatherReport5.app/WeatherReport5";
			};
			name = Release;
		};
		67C157B41DE6A94B00544682 /* Debug */ = {
			isa = XCBuildConfiguration;
			buildSettings = {
				INFOPLIST_FILE = WeatherReport5UITests/Info.plist;
				LD_RUNPATH_SEARCH_PATHS = "$(inherited) @executable_path/Frameworks @loader_path/Frameworks";
				PRODUCT_BUNDLE_IDENTIFIER = zk.WeatherReport5UITests;
				PRODUCT_NAME = "$(TARGET_NAME)";
				TEST_TARGET_NAME = WeatherReport5;
			};
			name = Debug;
		};
		67C157B51DE6A94B00544682 /* Release */ = {
			isa = XCBuildConfiguration;
			buildSettings = {
				INFOPLIST_FILE = WeatherReport5UITests/Info.plist;
				LD_RUNPATH_SEARCH_PATHS = "$(inherited) @executable_path/Frameworks @loader_path/Frameworks";
				PRODUCT_BUNDLE_IDENTIFIER = zk.WeatherReport5UITests;
				PRODUCT_NAME = "$(TARGET_NAME)";
				TEST_TARGET_NAME = WeatherReport5;
			};
			name = Release;
		};
/* End XCBuildConfiguration section */

/* Begin XCConfigurationList section */
		67C1577B1DE6A94B00544682 /* Build configuration list for PBXProject "WeatherReport5" */ = {
			isa = XCConfigurationList;
			buildConfigurations = (
				67C157AB1DE6A94B00544682 /* Debug */,
				67C157AC1DE6A94B00544682 /* Release */,
			);
			defaultConfigurationIsVisible = 0;
			defaultConfigurationName = Release;
		};
		67C157AD1DE6A94B00544682 /* Build configuration list for PBXNativeTarget "WeatherReport5" */ = {
			isa = XCConfigurationList;
			buildConfigurations = (
				67C157AE1DE6A94B00544682 /* Debug */,
				67C157AF1DE6A94B00544682 /* Release */,
			);
			defaultConfigurationIsVisible = 0;
			defaultConfigurationName = Release;
		};
		67C157B01DE6A94B00544682 /* Build configuration list for PBXNativeTarget "WeatherReport5Tests" */ = {
			isa = XCConfigurationList;
			buildConfigurations = (
				67C157B11DE6A94B00544682 /* Debug */,
				67C157B21DE6A94B00544682 /* Release */,
			);
			defaultConfigurationIsVisible = 0;
			defaultConfigurationName = Release;
		};
		67C157B31DE6A94B00544682 /* Build configuration list for PBXNativeTarget "WeatherReport5UITests" */ = {
			isa = XCConfigurationList;
			buildConfigurations = (
				67C157B41DE6A94B00544682 /* Debug */,
				67C157B51DE6A94B00544682 /* Release */,
			);
			defaultConfigurationIsVisible = 0;
			defaultConfigurationName = Release;
		};
/* End XCConfigurationList section */
	};
	rootObject = 67C157781DE6A94B00544682 /* Project object */;
}
